
Microsoft Visual Studio Solution File, Format Version 12.00
# Visual Studio Version 17
VisualStudioVersion = 17.5.33627.172
MinimumVisualStudioVersion = 10.0.40219.1
Project("{FAE04EC0-301F-11D3-BF4B-00C04F79EFBC}") = "Input1", "Input1.csproj", "{B2F5D86A-8153-4E6C-9C67-78978599BEF5}"
EndProject
Project("{2150E333-8FDC-42A3-9474-1A3956D46DE8}") = "Input2", "Input2", "{3FC4F77B-5128-46F7-8A72-07AC10814B5A}"
EndProject
Project("{FAE04EC0-301F-11D3-BF4B-00C04F79EFBC}") = "Input2", "..\Input2\Input2.csproj", "{D488F543-E1F8-48B7-B1F6-E6297D8F37AC}"
EndProject
Project("{2150E333-8FDC-42A3-9474-1A3956D46DE8}") = "Input1", "Input1", "{1208254E-D19C-483D-92BF-73E65EA00D61}"
EndProject
Global
	GlobalSection(SolutionConfigurationPlatforms) = preSolution
		Debug|Any CPU = Debug|Any CPU
		Release|Any CPU = Release|Any CPU
	EndGlobalSection
	GlobalSection(ProjectConfigurationPlatforms) = postSolution
		{1FD5AEE1-A1CE-4FF2-897B-EE8428AC07AA}.Debug|Any CPU.ActiveCfg = Debug|Any CPU
		{1FD5AEE1-A1CE-4FF2-897B-EE8428AC07AA}.Debug|Any CPU.Build.0 = Debug|Any CPU
		{1FD5AEE1-A1CE-4FF2-897B-EE8428AC07AA}.Release|Any CPU.ActiveCfg = Release|Any CPU
		{1FD5AEE1-A1CE-4FF2-897B-EE8428AC07AA}.Release|Any CPU.Build.0 = Release|Any CPU
	EndGlobalSection
	GlobalSection(SolutionProperties) = preSolution
		HideSolutionNode = FALSE
	EndGlobalSection
	GlobalSection(NestedProjects) = preSolution
		{B2F5D86A-8153-4E6C-9C67-78978599BEF5} = {1208254E-D19C-483D-92BF-73E65EA00D61}
		{D488F543-E1F8-48B7-B1F6-E6297D8F37AC} = {3FC4F77B-5128-46F7-8A72-07AC10814B5A}
	EndGlobalSection
	GlobalSection(ExtensibilityGlobals) = postSolution
		SolutionGuid = {175B126E-B866-4BEE-B696-4E61B5E2C597}
	EndGlobalSection
EndGlobal
